
Microsoft Visual Studio Solution File, Format Version 12.00
# Visual Studio Version 17
VisualStudioVersion = 17.14.37516.0
MinimumVisualStudioVersion = 10.0.40219.1
Project("{9A19103F-16F7-4668-BE54-9A1E7A4F7556}") = "TeduEcommerce.Domain", "src\TeduEcommerce.Domain\TeduEcommerce.Domain.csproj", "{554AD327-6DBA-4F8F-96F8-81CE7A0C863F}"
EndProject
Project("{9A19103F-16F7-4668-BE54-9A1E7A4F7556}") = "TeduEcommerce.Application", "src\TeduEcommerce.Application\TeduEcommerce.Application.csproj", "{1A94A50E-06DC-43C1-80B5-B662820EC3EB}"
EndProject
Project("{9A19103F-16F7-4668-BE54-9A1E7A4F7556}") = "TeduEcommerce.EntityFrameworkCore", "src\TeduEcommerce.EntityFrameworkCore\TeduEcommerce.EntityFrameworkCore.csproj", "{C956DD76-69C8-4A9C-83EA-D17DF83340FD}"
EndProject
Project("{2150E333-8FDC-42A3-9474-1A3956D46DE8}") = "src", "src", "{CA9AC87F-097E-4F15-8393-4BC07735A5B0}"
EndProject
Project("{2150E333-8FDC-42A3-9474-1A3956D46DE8}") = "test", "test", "{04DBDB01-70F4-4E06-B468-8F87850B22BE}"
EndProject
Project("{9A19103F-16F7-4668-BE54-9A1E7A4F7556}") = "TeduEcommerce.Application.Tests", "test\TeduEcommerce.Application.Tests\TeduEcommerce.Application.Tests.csproj", "{50B2631D-129C-47B3-A587-029CCD6099BC}"
EndProject
Project("{9A19103F-16F7-4668-BE54-9A1E7A4F7556}") = "TeduEcommerce.Domain.Shared", "src\TeduEcommerce.Domain.Shared\TeduEcommerce.Domain.Shared.csproj", "{42F719ED-8413-4895-B5B4-5AB56079BC66}"
EndProject
Project("{9A19103F-16F7-4668-BE54-9A1E7A4F7556}") = "TeduEcommerce.Application.Contracts", "src\TeduEcommerce.Application.Contracts\TeduEcommerce.Application.Contracts.csproj", "{520659C8-C734-4298-A3DA-B539DB9DFC0B}"
EndProject
Project("{9A19103F-16F7-4668-BE54-9A1E7A4F7556}") = "TeduEcommerce.HttpApi", "src\TeduEcommerce.HttpApi\TeduEcommerce.HttpApi.csproj", "{4164BDF7-F527-4E85-9CE6-E3C2D7426A27}"
EndProject
Project("{9A19103F-16F7-4668-BE54-9A1E7A4F7556}") = "TeduEcommerce.HttpApi.Client", "src\TeduEcommerce.HttpApi.Client\TeduEcommerce.HttpApi.Client.csproj", "{3B5A0094-670D-4BB1-BFDD-61B88A8773DC}"
EndProject
Project("{9A19103F-16F7-4668-BE54-9A1E7A4F7556}") = "TeduEcommerce.AuthServer", "src\TeduEcommerce.AuthServer\TeduEcommerce.AuthServer.csproj", "{073C361E-B8F4-49F5-93CC-72A3FF49C026}"
EndProject
Project("{9A19103F-16F7-4668-BE54-9A1E7A4F7556}") = "TeduEcommerce.HttpApi.Host", "src\TeduEcommerce.HttpApi.Host\TeduEcommerce.HttpApi.Host.csproj", "{E6D5BF0E-DE92-4D82-A352-EF04B37CB11C}"
EndProject
Project("{9A19103F-16F7-4668-BE54-9A1E7A4F7556}") = "TeduEcommerce.EntityFrameworkCore.Tests", "test\TeduEcommerce.EntityFrameworkCore.Tests\TeduEcommerce.EntityFrameworkCore.Tests.csproj", "{1FE30EB9-74A9-47F5-A9F6-7B1FAB672D81}"
EndProject
Project("{9A19103F-16F7-4668-BE54-9A1E7A4F7556}") = "TeduEcommerce.TestBase", "test\TeduEcommerce.TestBase\TeduEcommerce.TestBase.csproj", "{91853F21-9CD9-4132-BC29-A7D5D84FFFE7}"
EndProject
Project("{9A19103F-16F7-4668-BE54-9A1E7A4F7556}") = "TeduEcommerce.Domain.Tests", "test\TeduEcommerce.Domain.Tests\TeduEcommerce.Domain.Tests.csproj", "{E512F4D9-9375-480F-A2F6-A46509F9D824}"
EndProject
Project("{9A19103F-16F7-4668-BE54-9A1E7A4F7556}") = "TeduEcommerce.HttpApi.Client.ConsoleTestApp", "test\TeduEcommerce.HttpApi.Client.ConsoleTestApp\TeduEcommerce.HttpApi.Client.ConsoleTestApp.csproj", "{EF480016-9127-4916-8735-D2466BDBC582}"
EndProject
Project("{9A19103F-16F7-4668-BE54-9A1E7A4F7556}") = "TeduEcommerce.DbMigrator", "src\TeduEcommerce.DbMigrator\TeduEcommerce.DbMigrator.csproj", "{AA94D832-1CCC-4715-95A9-A483F23A1A5D}"
EndProject
Project("{2150E333-8FDC-42A3-9474-1A3956D46DE8}") = "auth", "auth", "{02EA681E-C7D8-13C7-8484-4AC65E1B71E8}"
EndProject
Project("{2150E333-8FDC-42A3-9474-1A3956D46DE8}") = "common", "common", "{FCB7BA40-3596-4BD0-82B6-FD3B393D218E}"
EndProject
Project("{2150E333-8FDC-42A3-9474-1A3956D46DE8}") = "domain", "domain", "{0ECF5BDE-B4C0-4FFF-B31C-4A15BA8945F1}"
EndProject
Project("{2150E333-8FDC-42A3-9474-1A3956D46DE8}") = "infrastructure", "infrastructure", "{5BB8D97D-2285-4C67-B030-7C85114DC79C}"
EndProject
Project("{2150E333-8FDC-42A3-9474-1A3956D46DE8}") = "public", "public", "{3C2C7E06-D9D7-415A-A91F-AF53A053181F}"
EndProject
Project("{2150E333-8FDC-42A3-9474-1A3956D46DE8}") = "admin", "admin", "{7C8D68DD-81C5-4B31-80E0-7EC82B24F4D2}"
EndProject
Project("{FAE04EC0-301F-11D3-BF4B-00C04F79EFBC}") = "TeduEcommerce.Admin.Application", "src\TeduEcommerce.Admin.Application\TeduEcommerce.Admin.Application.csproj", "{A20927E7-E2FA-759A-2470-178952AB6AE6}"
EndProject
Project("{FAE04EC0-301F-11D3-BF4B-00C04F79EFBC}") = "TeduEcommerce.Admin.Application.Contracts", "src\TeduEcommerce.Admin.Application.Contracts\TeduEcommerce.Admin.Application.Contracts.csproj", "{56AD6A5D-74E1-74F4-FA64-9282550CB3A0}"
EndProject
Project("{FAE04EC0-301F-11D3-BF4B-00C04F79EFBC}") = "TeduEcommerce.Admin.HttpApi", "src\TeduEcommerce.Admin.HttpApi\TeduEcommerce.Admin.HttpApi.csproj", "{DCB97D14-F8C2-BF5D-C8AE-D34C74C13B05}"
EndProject
Project("{FAE04EC0-301F-11D3-BF4B-00C04F79EFBC}") = "TeduEcommerce.Admin.HttpApi.Client", "src\TeduEcommerce.Admin.HttpApi.Client\TeduEcommerce.Admin.HttpApi.Client.csproj", "{09811A4E-6F9E-85CB-12C9-2E03E55F383B}"
EndProject
Project("{FAE04EC0-301F-11D3-BF4B-00C04F79EFBC}") = "TeduEcommerce.Admin.HttpApi.Host", "src\TeduEcommerce.Admin.HttpApi.Host\TeduEcommerce.Admin.HttpApi.Host.csproj", "{ECC5C8FF-8AFD-16BB-2E31-BBA250DDD875}"
EndProject
Project("{2150E333-8FDC-42A3-9474-1A3956D46DE8}") = "public", "public", "{457E289B-48C0-4352-AC5F-981EC1F37DAD}"
EndProject
Project("{2150E333-8FDC-42A3-9474-1A3956D46DE8}") = "admin", "admin", "{2ED0554C-7A97-4B00-8CE7-402382EBCABF}"
EndProject
Project("{FAE04EC0-301F-11D3-BF4B-00C04F79EFBC}") = "TeduEcommerce.Admin.Application.Tests", "test\TeduEcommerce.Admin.Application.Tests\TeduEcommerce.Admin.Application.Tests.csproj", "{F32F3830-2054-B95D-FDEE-051C686143AF}"
EndProject
Project("{FAE04EC0-301F-11D3-BF4B-00C04F79EFBC}") = "TeduEcommerce.Admin.HttpApi.Client.ConsoleTestApp", "test\TeduEcommerce.Admin.HttpApi.Client.ConsoleTestApp\TeduEcommerce.Admin.HttpApi.Client.ConsoleTestApp.csproj", "{02F9ADA9-BCE0-62A0-395F-B72ACC7358F0}"
EndProject
Project("{2150E333-8FDC-42A3-9474-1A3956D46DE8}") = "shared", "shared", "{53A53CA4-36D2-4DA0-8EFC-050E3F15AB8D}"
EndProject
Global
	GlobalSection(SolutionConfigurationPlatforms) = preSolution
		Debug|Any CPU = Debug|Any CPU
		Release|Any CPU = Release|Any CPU
	EndGlobalSection
	GlobalSection(ProjectConfigurationPlatforms) = postSolution
		{554AD327-6DBA-4F8F-96F8-81CE7A0C863F}.Debug|Any CPU.ActiveCfg = Debug|Any CPU
		{554AD327-6DBA-4F8F-96F8-81CE7A0C863F}.Debug|Any CPU.Build.0 = Debug|Any CPU
		{554AD327-6DBA-4F8F-96F8-81CE7A0C863F}.Release|Any CPU.ActiveCfg = Release|Any CPU
		{554AD327-6DBA-4F8F-96F8-81CE7A0C863F}.Release|Any CPU.Build.0 = Release|Any CPU
		{1A94A50E-06DC-43C1-80B5-B662820EC3EB}.Debug|Any CPU.ActiveCfg = Debug|Any CPU
		{1A94A50E-06DC-43C1-80B5-B662820EC3EB}.Debug|Any CPU.Build.0 = Debug|Any CPU
		{1A94A50E-06DC-43C1-80B5-B662820EC3EB}.Release|Any CPU.ActiveCfg = Release|Any CPU
		{1A94A50E-06DC-43C1-80B5-B662820EC3EB}.Release|Any CPU.Build.0 = Release|Any CPU
		{C956DD76-69C8-4A9C-83EA-D17DF83340FD}.Debug|Any CPU.ActiveCfg = Debug|Any CPU
		{C956DD76-69C8-4A9C-83EA-D17DF83340FD}.Debug|Any CPU.Build.0 = Debug|Any CPU
		{C956DD76-69C8-4A9C-83EA-D17DF83340FD}.Release|Any CPU.ActiveCfg = Release|Any CPU
		{C956DD76-69C8-4A9C-83EA-D17DF83340FD}.Release|Any CPU.Build.0 = Release|Any CPU
		{50B2631D-129C-47B3-A587-029CCD6099BC}.Debug|Any CPU.ActiveCfg = Debug|Any CPU
		{50B2631D-129C-47B3-A587-029CCD6099BC}.Debug|Any CPU.Build.0 = Debug|Any CPU
		{50B2631D-129C-47B3-A587-029CCD6099BC}.Release|Any CPU.ActiveCfg = Release|Any CPU
		{50B2631D-129C-47B3-A587-029CCD6099BC}.Release|Any CPU.Build.0 = Release|Any CPU
		{42F719ED-8413-4895-B5B4-5AB56079BC66}.Debug|Any CPU.ActiveCfg = Debug|Any CPU
		{42F719ED-8413-4895-B5B4-5AB56079BC66}.Debug|Any CPU.Build.0 = Debug|Any CPU
		{42F719ED-8413-4895-B5B4-5AB56079BC66}.Release|Any CPU.ActiveCfg = Release|Any CPU
		{42F719ED-8413-4895-B5B4-5AB56079BC66}.Release|Any CPU.Build.0 = Release|Any CPU
		{520659C8-C734-4298-A3DA-B539DB9DFC0B}.Debug|Any CPU.ActiveCfg = Debug|Any CPU
		{520659C8-C734-4298-A3DA-B539DB9DFC0B}.Debug|Any CPU.Build.0 = Debug|Any CPU
		{520659C8-C734-4298-A3DA-B539DB9DFC0B}.Release|Any CPU.ActiveCfg = Release|Any CPU
		{520659C8-C734-4298-A3DA-B539DB9DFC0B}.Release|Any CPU.Build.0 = Release|Any CPU
		{4164BDF7-F527-4E85-9CE6-E3C2D7426A27}.Debug|Any CPU.ActiveCfg = Debug|Any CPU
		{4164BDF7-F527-4E85-9CE6-E3C2D7426A27}.Debug|Any CPU.Build.0 = Debug|Any CPU
		{4164BDF7-F527-4E85-9CE6-E3C2D7426A27}.Release|Any CPU.ActiveCfg = Release|Any CPU
		{4164BDF7-F527-4E85-9CE6-E3C2D7426A27}.Release|Any CPU.Build.0 = Release|Any CPU
		{3B5A0094-670D-4BB1-BFDD-61B88A8773DC}.Debug|Any CPU.ActiveCfg = Debug|Any CPU
		{3B5A0094-670D-4BB1-BFDD-61B88A8773DC}.Debug|Any CPU.Build.0 = Debug|Any CPU
		{3B5A0094-670D-4BB1-BFDD-61B88A8773DC}.Release|Any CPU.ActiveCfg = Release|Any CPU
		{3B5A0094-670D-4BB1-BFDD-61B88A8773DC}.Release|Any CPU.Build.0 = Release|Any CPU
		{073C361E-B8F4-49F5-93CC-72A3FF49C026}.Debug|Any CPU.ActiveCfg = Debug|Any CPU
		{073C361E-B8F4-49F5-93CC-72A3FF49C026}.Debug|Any CPU.Build.0 = Debug|Any CPU
		{073C361E-B8F4-49F5-93CC-72A3FF49C026}.Release|Any CPU.ActiveCfg = Release|Any CPU
		{073C361E-B8F4-49F5-93CC-72A3FF49C026}.Release|Any CPU.Build.0 = Release|Any CPU
		{E6D5BF0E-DE92-4D82-A352-EF04B37CB11C}.Debug|Any CPU.ActiveCfg = Debug|Any CPU
		{E6D5BF0E-DE92-4D82-A352-EF04B37CB11C}.Debug|Any CPU.Build.0 = Debug|Any CPU
		{E6D5BF0E-DE92-4D82-A352-EF04B37CB11C}.Release|Any CPU.ActiveCfg = Release|Any CPU
		{E6D5BF0E-DE92-4D82-A352-EF04B37CB11C}.Release|Any CPU.Build.0 = Release|Any CPU
		{1FE30EB9-74A9-47F5-A9F6-7B1FAB672D81}.Debug|Any CPU.ActiveCfg = Debug|Any CPU
		{1FE30EB9-74A9-47F5-A9F6-7B1FAB672D81}.Debug|Any CPU.Build.0 = Debug|Any CPU
		{1FE30EB9-74A9-47F5-A9F6-7B1FAB672D81}.Release|Any CPU.ActiveCfg = Release|Any CPU
		{1FE30EB9-74A9-47F5-A9F6-7B1FAB672D81}.Release|Any CPU.Build.0 = Release|Any CPU
		{91853F21-9CD9-4132-BC29-A7D5D84FFFE7}.Debug|Any CPU.ActiveCfg = Debug|Any CPU
		{91853F21-9CD9-4132-BC29-A7D5D84FFFE7}.Debug|Any CPU.Build.0 = Debug|Any CPU
		{91853F21-9CD9-4132-BC29-A7D5D84FFFE7}.Release|Any CPU.ActiveCfg = Release|Any CPU
		{91853F21-9CD9-4132-BC29-A7D5D84FFFE7}.Release|Any CPU.Build.0 = Release|Any CPU
		{E512F4D9-9375-480F-A2F6-A46509F9D824}.Debug|Any CPU.ActiveCfg = Debug|Any CPU
		{E512F4D9-9375-480F-A2F6-A46509F9D824}.Debug|Any CPU.Build.0 = Debug|Any CPU
		{E512F4D9-9375-480F-A2F6-A46509F9D824}.Release|Any CPU.ActiveCfg = Release|Any CPU
		{E512F4D9-9375-480F-A2F6-A46509F9D824}.Release|Any CPU.Build.0 = Release|Any CPU
		{EF480016-9127-4916-8735-D2466BDBC582}.Debug|Any CPU.ActiveCfg = Debug|Any CPU
		{EF480016-9127-4916-8735-D2466BDBC582}.Debug|Any CPU.Build.0 = Debug|Any CPU
		{EF480016-9127-4916-8735-D2466BDBC582}.Release|Any CPU.ActiveCfg = Release|Any CPU
		{EF480016-9127-4916-8735-D2466BDBC582}.Release|Any CPU.Build.0 = Release|Any CPU
		{AA94D832-1CCC-4715-95A9-A483F23A1A5D}.Debug|Any CPU.ActiveCfg = Debug|Any CPU
		{AA94D832-1CCC-4715-95A9-A483F23A1A5D}.Debug|Any CPU.Build.0 = Debug|Any CPU
		{AA94D832-1CCC-4715-95A9-A483F23A1A5D}.Release|Any CPU.ActiveCfg = Release|Any CPU
		{AA94D832-1CCC-4715-95A9-A483F23A1A5D}.Release|Any CPU.Build.0 = Release|Any CPU
		{A20927E7-E2FA-759A-2470-178952AB6AE6}.Debug|Any CPU.ActiveCfg = Debug|Any CPU
		{A20927E7-E2FA-759A-2470-178952AB6AE6}.Debug|Any CPU.Build.0 = Debug|Any CPU
		{A20927E7-E2FA-759A-2470-178952AB6AE6}.Release|Any CPU.ActiveCfg = Release|Any CPU
		{A20927E7-E2FA-759A-2470-178952AB6AE6}.Release|Any CPU.Build.0 = Release|Any CPU
		{56AD6A5D-74E1-74F4-FA64-9282550CB3A0}.Debug|Any CPU.ActiveCfg = Debug|Any CPU
		{56AD6A5D-74E1-74F4-FA64-9282550CB3A0}.Debug|Any CPU.Build.0 = Debug|Any CPU
		{56AD6A5D-74E1-74F4-FA64-9282550CB3A0}.Release|Any CPU.ActiveCfg = Release|Any CPU
		{56AD6A5D-74E1-74F4-FA64-9282550CB3A0}.Release|Any CPU.Build.0 = Release|Any CPU
		{DCB97D14-F8C2-BF5D-C8AE-D34C74C13B05}.Debug|Any CPU.ActiveCfg = Debug|Any CPU
		{DCB97D14-F8C2-BF5D-C8AE-D34C74C13B05}.Debug|Any CPU.Build.0 = Debug|Any CPU
		{DCB97D14-F8C2-BF5D-C8AE-D34C74C13B05}.Release|Any CPU.ActiveCfg = Release|Any CPU
		{DCB97D14-F8C2-BF5D-C8AE-D34C74C13B05}.Release|Any CPU.Build.0 = Release|Any CPU
		{09811A4E-6F9E-85CB-12C9-2E03E55F383B}.Debug|Any CPU.ActiveCfg = Debug|Any CPU
		{09811A4E-6F9E-85CB-12C9-2E03E55F383B}.Debug|Any CPU.Build.0 = Debug|Any CPU
		{09811A4E-6F9E-85CB-12C9-2E03E55F383B}.Release|Any CPU.ActiveCfg = Release|Any CPU
		{09811A4E-6F9E-85CB-12C9-2E03E55F383B}.Release|Any CPU.Build.0 = Release|Any CPU
		{ECC5C8FF-8AFD-16BB-2E31-BBA250DDD875}.Debug|Any CPU.ActiveCfg = Debug|Any CPU
		{ECC5C8FF-8AFD-16BB-2E31-BBA250DDD875}.Debug|Any CPU.Build.0 = Debug|Any CPU
		{ECC5C8FF-8AFD-16BB-2E31-BBA250DDD875}.Release|Any CPU.ActiveCfg = Release|Any CPU
		{ECC5C8FF-8AFD-16BB-2E31-BBA250DDD875}.Release|Any CPU.Build.0 = Release|Any CPU
		{F32F3830-2054-B95D-FDEE-051C686143AF}.Debug|Any CPU.ActiveCfg = Debug|Any CPU
		{F32F3830-2054-B95D-FDEE-051C686143AF}.Debug|Any CPU.Build.0 = Debug|Any CPU
		{F32F3830-2054-B95D-FDEE-051C686143AF}.Release|Any CPU.ActiveCfg = Release|Any CPU
		{F32F3830-2054-B95D-FDEE-051C686143AF}.Release|Any CPU.Build.0 = Release|Any CPU
		{02F9ADA9-BCE0-62A0-395F-B72ACC7358F0}.Debug|Any CPU.ActiveCfg = Debug|Any CPU
		{02F9ADA9-BCE0-62A0-395F-B72ACC7358F0}.Debug|Any CPU.Build.0 = Debug|Any CPU
		{02F9ADA9-BCE0-62A0-395F-B72ACC7358F0}.Release|Any CPU.ActiveCfg = Release|Any CPU
		{02F9ADA9-BCE0-62A0-395F-B72ACC7358F0}.Release|Any CPU.Build.0 = Release|Any CPU
	EndGlobalSection
	GlobalSection(SolutionProperties) = preSolution
		HideSolutionNode = FALSE
	EndGlobalSection
	GlobalSection(NestedProjects) = preSolution
		{554AD327-6DBA-4F8F-96F8-81CE7A0C863F} = {0ECF5BDE-B4C0-4FFF-B31C-4A15BA8945F1}
		{1A94A50E-06DC-43C1-80B5-B662820EC3EB} = {3C2C7E06-D9D7-415A-A91F-AF53A053181F}
		{C956DD76-69C8-4A9C-83EA-D17DF83340FD} = {5BB8D97D-2285-4C67-B030-7C85114DC79C}
		{50B2631D-129C-47B3-A587-029CCD6099BC} = {457E289B-48C0-4352-AC5F-981EC1F37DAD}
		{42F719ED-8413-4895-B5B4-5AB56079BC66} = {0ECF5BDE-B4C0-4FFF-B31C-4A15BA8945F1}
		{520659C8-C734-4298-A3DA-B539DB9DFC0B} = {3C2C7E06-D9D7-415A-A91F-AF53A053181F}
		{4164BDF7-F527-4E85-9CE6-E3C2D7426A27} = {3C2C7E06-D9D7-415A-A91F-AF53A053181F}
		{3B5A0094-670D-4BB1-BFDD-61B88A8773DC} = {3C2C7E06-D9D7-415A-A91F-AF53A053181F}
		{073C361E-B8F4-49F5-93CC-72A3FF49C026} = {02EA681E-C7D8-13C7-8484-4AC65E1B71E8}
		{E6D5BF0E-DE92-4D82-A352-EF04B37CB11C} = {3C2C7E06-D9D7-415A-A91F-AF53A053181F}
		{1FE30EB9-74A9-47F5-A9F6-7B1FAB672D81} = {53A53CA4-36D2-4DA0-8EFC-050E3F15AB8D}
		{91853F21-9CD9-4132-BC29-A7D5D84FFFE7} = {53A53CA4-36D2-4DA0-8EFC-050E3F15AB8D}
		{E512F4D9-9375-480F-A2F6-A46509F9D824} = {53A53CA4-36D2-4DA0-8EFC-050E3F15AB8D}
		{EF480016-9127-4916-8735-D2466BDBC582} = {457E289B-48C0-4352-AC5F-981EC1F37DAD}
		{AA94D832-1CCC-4715-95A9-A483F23A1A5D} = {5BB8D97D-2285-4C67-B030-7C85114DC79C}
		{02EA681E-C7D8-13C7-8484-4AC65E1B71E8} = {CA9AC87F-097E-4F15-8393-4BC07735A5B0}
		{FCB7BA40-3596-4BD0-82B6-FD3B393D218E} = {CA9AC87F-097E-4F15-8393-4BC07735A5B0}
		{0ECF5BDE-B4C0-4FFF-B31C-4A15BA8945F1} = {FCB7BA40-3596-4BD0-82B6-FD3B393D218E}
		{5BB8D97D-2285-4C67-B030-7C85114DC79C} = {FCB7BA40-3596-4BD0-82B6-FD3B393D218E}
		{3C2C7E06-D9D7-415A-A91F-AF53A053181F} = {CA9AC87F-097E-4F15-8393-4BC07735A5B0}
		{7C8D68DD-81C5-4B31-80E0-7EC82B24F4D2} = {CA9AC87F-097E-4F15-8393-4BC07735A5B0}
		{A20927E7-E2FA-759A-2470-178952AB6AE6} = {7C8D68DD-81C5-4B31-80E0-7EC82B24F4D2}
		{56AD6A5D-74E1-74F4-FA64-9282550CB3A0} = {7C8D68DD-81C5-4B31-80E0-7EC82B24F4D2}
		{DCB97D14-F8C2-BF5D-C8AE-D34C74C13B05} = {7C8D68DD-81C5-4B31-80E0-7EC82B24F4D2}
		{09811A4E-6F9E-85CB-12C9-2E03E55F383B} = {7C8D68DD-81C5-4B31-80E0-7EC82B24F4D2}
		{ECC5C8FF-8AFD-16BB-2E31-BBA250DDD875} = {7C8D68DD-81C5-4B31-80E0-7EC82B24F4D2}
		{457E289B-48C0-4352-AC5F-981EC1F37DAD} = {04DBDB01-70F4-4E06-B468-8F87850B22BE}
		{2ED0554C-7A97-4B00-8CE7-402382EBCABF} = {04DBDB01-70F4-4E06-B468-8F87850B22BE}
		{F32F3830-2054-B95D-FDEE-051C686143AF} = {2ED0554C-7A97-4B00-8CE7-402382EBCABF}
		{02F9ADA9-BCE0-62A0-395F-B72ACC7358F0} = {2ED0554C-7A97-4B00-8CE7-402382EBCABF}
		{53A53CA4-36D2-4DA0-8EFC-050E3F15AB8D} = {04DBDB01-70F4-4E06-B468-8F87850B22BE}
	EndGlobalSection
	GlobalSection(ExtensibilityGlobals) = postSolution
		SolutionGuid = {28315BFD-90E7-4E14-A2EA-F3D23AF4126F}
	EndGlobalSection
EndGlobal
